
Microsoft Visual Studio Solution File, Format Version 12.00
# Visual Studio 15
Project("{FAE04EC0-301F-11D3-BF4B-00C04F79EFBC}") = "EquiDisassembly.v1", "EquiDisassembly.v1.csproj", "{2743927B-4D33-BE7C-EAFE-A7D559D831FB}"
EndProject
Project("{FAE04EC0-301F-11D3-BF4B-00C04F79EFBC}") = "EquiDisassembly.v1.Editor", "EquiDisassembly.v1.Editor.csproj", "{8783A4BB-8300-6828-59DE-9F1FCCEE9C73}"
EndProject
Global
	GlobalSection(SolutionConfigurationPlatforms) = preSolution
		Debug|Any CPU = Debug|Any CPU
		Release|Any CPU = Release|Any CPU
	EndGlobalSection
	GlobalSection(ProjectConfigurationPlatforms) = postSolution
		{2743927B-4D33-BE7C-EAFE-A7D559D831FB}.Debug|Any CPU.ActiveCfg = Debug|Any CPU
		{2743927B-4D33-BE7C-EAFE-A7D559D831FB}.Debug|Any CPU.Build.0 = Debug|Any CPU
		{2743927B-4D33-BE7C-EAFE-A7D559D831FB}.Release|Any CPU.ActiveCfg = Release|Any CPU
		{2743927B-4D33-BE7C-EAFE-A7D559D831FB}.Release|Any CPU.Build.0 = Release|Any CPU
		{8783A4BB-8300-6828-59DE-9F1FCCEE9C73}.Debug|Any CPU.ActiveCfg = Debug|Any CPU
		{8783A4BB-8300-6828-59DE-9F1FCCEE9C73}.Debug|Any CPU.Build.0 = Debug|Any CPU
		{8783A4BB-8300-6828-59DE-9F1FCCEE9C73}.Release|Any CPU.ActiveCfg = Release|Any CPU
		{8783A4BB-8300-6828-59DE-9F1FCCEE9C73}.Release|Any CPU.Build.0 = Release|Any CPU
	EndGlobalSection
	GlobalSection(SolutionProperties) = preSolution
		HideSolutionNode = FALSE
	EndGlobalSection
EndGlobal
